
Microsoft Visual Studio Solution File, Format Version 11.00
# Visual Studio 2010
Project("{FAE04EC0-301F-11D3-BF4B-00C04F79EFBC}") = "dllhealth3", "dllhealth3\dllhealth3.csproj", "{DC51A95C-A8AA-4367-833F-3E9D3CD3372B}"
EndProject
Global
	GlobalSection(SolutionConfigurationPlatforms) = preSolution
		Debug|Any CPU = Debug|Any CPU
		Release|Any CPU = Release|Any CPU
	EndGlobalSection
	GlobalSection(ProjectConfigurationPlatforms) = postSolution
		{DC51A95C-A8AA-4367-833F-3E9D3CD3372B}.Debug|Any CPU.ActiveCfg = Debug|Any CPU
		{DC51A95C-A8AA-4367-833F-3E9D3CD3372B}.Debug|Any CPU.Build.0 = Debug|Any CPU
		{DC51A95C-A8AA-4367-833F-3E9D3CD3372B}.Release|Any CPU.ActiveCfg = Release|Any CPU
		{DC51A95C-A8AA-4367-833F-3E9D3CD3372B}.Release|Any CPU.Build.0 = Release|Any CPU
	EndGlobalSection
	GlobalSection(SolutionProperties) = preSolution
		HideSolutionNode = FALSE
	EndGlobalSection
EndGlobal
